// !$*UTF8*$!
{
	archiveVersion = 1;
	classes = {
	};
	objectVersion = 56;
	objects = {

/* Begin PBXBuildFile section */
		DA2B7B1B2BF1BB19002F3150 /* NanoTDFTests.swift in Sources */ = {isa = PBXBuildFile; fileRef = DA2B7B162BF1BB19002F3150 /* NanoTDFTests.swift */; };
		DA2B7B1E2BF1BB19002F3150 /* WebSocketManager.swift in Sources */ = {isa = PBXBuildFile; fileRef = DA2B7B192BF1BB19002F3150 /* WebSocketManager.swift */; };
		DA3C23F42BE0765100B4B883 /* NanoTDF.swift in Sources */ = {isa = PBXBuildFile; fileRef = DA3C23F32BE0765100B4B883 /* NanoTDF.swift */; };
		DA3C24052BE0787700B4B883 /* libNanoTDF.a in Frameworks */ = {isa = PBXBuildFile; fileRef = DA3C23F02BE0765100B4B883 /* libNanoTDF.a */; };
/* End PBXBuildFile section */

/* Begin PBXContainerItemProxy section */
		DA3C24062BE0787700B4B883 /* PBXContainerItemProxy */ = {
			isa = PBXContainerItemProxy;
			containerPortal = DA3C23E82BE0765100B4B883 /* Project object */;
			proxyType = 1;
			remoteGlobalIDString = DA3C23EF2BE0765100B4B883;
			remoteInfo = NanoTDF;
		};
/* End PBXContainerItemProxy section */

/* Begin PBXCopyFilesBuildPhase section */
		DA3C23EE2BE0765100B4B883 /* CopyFiles */ = {
			isa = PBXCopyFilesBuildPhase;
			buildActionMask = 2147483647;
			dstPath = "include/$(PRODUCT_NAME)";
			dstSubfolderSpec = 16;
			files = (
			);
			runOnlyForDeploymentPostprocessing = 0;
		};
/* End PBXCopyFilesBuildPhase section */

/* Begin PBXFileReference section */
		DA2B7B162BF1BB19002F3150 /* NanoTDFTests.swift */ = {isa = PBXFileReference; fileEncoding = 4; lastKnownFileType = sourcecode.swift; path = NanoTDFTests.swift; sourceTree = "<group>"; };
		DA2B7B192BF1BB19002F3150 /* WebSocketManager.swift */ = {isa = PBXFileReference; fileEncoding = 4; lastKnownFileType = sourcecode.swift; path = WebSocketManager.swift; sourceTree = "<group>"; };
		DA3C23F02BE0765100B4B883 /* libNanoTDF.a */ = {isa = PBXFileReference; explicitFileType = archive.ar; includeInIndex = 0; path = libNanoTDF.a; sourceTree = BUILT_PRODUCTS_DIR; };
		DA3C23F32BE0765100B4B883 /* NanoTDF.swift */ = {isa = PBXFileReference; lastKnownFileType = sourcecode.swift; path = NanoTDF.swift; sourceTree = "<group>"; };
		DA3C24012BE0787700B4B883 /* Tests.xctest */ = {isa = PBXFileReference; explicitFileType = wrapper.cfbundle; includeInIndex = 0; path = Tests.xctest; sourceTree = BUILT_PRODUCTS_DIR; };
/* End PBXFileReference section */

/* Begin PBXFrameworksBuildPhase section */
		DA3C23ED2BE0765100B4B883 /* Frameworks */ = {
			isa = PBXFrameworksBuildPhase;
			buildActionMask = 2147483647;
			files = (
			);
			runOnlyForDeploymentPostprocessing = 0;
		};
		DA3C23FE2BE0787700B4B883 /* Frameworks */ = {
			isa = PBXFrameworksBuildPhase;
			buildActionMask = 2147483647;
			files = (
				DA3C24052BE0787700B4B883 /* libNanoTDF.a in Frameworks */,
			);
			runOnlyForDeploymentPostprocessing = 0;
		};
/* End PBXFrameworksBuildPhase section */

/* Begin PBXGroup section */
		DA2B7B1A2BF1BB19002F3150 /* Tests */ = {
			isa = PBXGroup;
			children = (
				DA2B7B162BF1BB19002F3150 /* NanoTDFTests.swift */,
				DA2B7B192BF1BB19002F3150 /* WebSocketManager.swift */,
			);
			path = Tests;
			sourceTree = "<group>";
		};
		DA3C23E72BE0765100B4B883 = {
			isa = PBXGroup;
			children = (
				DA2B7B1A2BF1BB19002F3150 /* Tests */,
				DA3C23F22BE0765100B4B883 /* NanoTDF */,
				DA3C23F12BE0765100B4B883 /* Products */,
			);
			sourceTree = "<group>";
		};
		DA3C23F12BE0765100B4B883 /* Products */ = {
			isa = PBXGroup;
			children = (
				DA3C23F02BE0765100B4B883 /* libNanoTDF.a */,
				DA3C24012BE0787700B4B883 /* Tests.xctest */,
			);
			name = Products;
			sourceTree = "<group>";
		};
		DA3C23F22BE0765100B4B883 /* NanoTDF */ = {
			isa = PBXGroup;
			children = (
				DA3C23F32BE0765100B4B883 /* NanoTDF.swift */,
			);
			path = NanoTDF;
			sourceTree = "<group>";
		};
/* End PBXGroup section */

/* Begin PBXNativeTarget section */
		DA3C23EF2BE0765100B4B883 /* NanoTDF */ = {
			isa = PBXNativeTarget;
			buildConfigurationList = DA3C23F72BE0765100B4B883 /* Build configuration list for PBXNativeTarget "NanoTDF" */;
			buildPhases = (
				DA3C23EC2BE0765100B4B883 /* Sources */,
				DA3C23ED2BE0765100B4B883 /* Frameworks */,
				DA3C23EE2BE0765100B4B883 /* CopyFiles */,
			);
			buildRules = (
			);
			dependencies = (
			);
			name = NanoTDF;
			productName = NanoTDF;
			productReference = DA3C23F02BE0765100B4B883 /* libNanoTDF.a */;
			productType = "com.apple.product-type.library.static";
		};
		DA3C24002BE0787700B4B883 /* Tests */ = {
			isa = PBXNativeTarget;
			buildConfigurationList = DA3C24082BE0787700B4B883 /* Build configuration list for PBXNativeTarget "Tests" */;
			buildPhases = (
				DA3C23FD2BE0787700B4B883 /* Sources */,
				DA3C23FE2BE0787700B4B883 /* Frameworks */,
				DA3C23FF2BE0787700B4B883 /* Resources */,
			);
			buildRules = (
			);
			dependencies = (
				DA3C24072BE0787700B4B883 /* PBXTargetDependency */,
			);
			name = Tests;
			productName = NanoTDFTests;
			productReference = DA3C24012BE0787700B4B883 /* Tests.xctest */;
			productType = "com.apple.product-type.bundle.unit-test";
		};
/* End PBXNativeTarget section */

/* Begin PBXProject section */
		DA3C23E82BE0765100B4B883 /* Project object */ = {
			isa = PBXProject;
			attributes = {
				BuildIndependentTargetsInParallel = 1;
				LastSwiftUpdateCheck = 1530;
				LastUpgradeCheck = 1530;
				TargetAttributes = {
					DA3C23EF2BE0765100B4B883 = {
						CreatedOnToolsVersion = 15.3;
					};
					DA3C24002BE0787700B4B883 = {
						CreatedOnToolsVersion = 15.3;
						LastSwiftMigration = 1530;
					};
				};
			};
			buildConfigurationList = DA3C23EB2BE0765100B4B883 /* Build configuration list for PBXProject "NanoTDF" */;
			compatibilityVersion = "Xcode 14.0";
			developmentRegion = en;
			hasScannedForEncodings = 0;
			knownRegions = (
				en,
				Base,
			);
			mainGroup = DA3C23E72BE0765100B4B883;
			productRefGroup = DA3C23F12BE0765100B4B883 /* Products */;
			projectDirPath = "";
			projectRoot = "";
			targets = (
				DA3C23EF2BE0765100B4B883 /* NanoTDF */,
				DA3C24002BE0787700B4B883 /* Tests */,
			);
		};
/* End PBXProject section */

/* Begin PBXResourcesBuildPhase section */
		DA3C23FF2BE0787700B4B883 /* Resources */ = {
			isa = PBXResourcesBuildPhase;
			buildActionMask = 2147483647;
			files = (
			);
			runOnlyForDeploymentPostprocessing = 0;
		};
/* End PBXResourcesBuildPhase section */

/* Begin PBXSourcesBuildPhase section */
		DA3C23EC2BE0765100B4B883 /* Sources */ = {
			isa = PBXSourcesBuildPhase;
			buildActionMask = 2147483647;
			files = (
				DA3C23F42BE0765100B4B883 /* NanoTDF.swift in Sources */,
			);
			runOnlyForDeploymentPostprocessing = 0;
		};
		DA3C23FD2BE0787700B4B883 /* Sources */ = {
			isa = PBXSourcesBuildPhase;
			buildActionMask = 2147483647;
			files = (
				DA2B7B1B2BF1BB19002F3150 /* NanoTDFTests.swift in Sources */,
				DA2B7B1E2BF1BB19002F3150 /* WebSocketManager.swift in Sources */,
			);
			runOnlyForDeploymentPostprocessing = 0;
		};
/* End PBXSourcesBuildPhase section */

/* Begin PBXTargetDependency section */
		DA3C24072BE0787700B4B883 /* PBXTargetDependency */ = {
			isa = PBXTargetDependency;
			target = DA3C23EF2BE0765100B4B883 /* NanoTDF */;
			targetProxy = DA3C24062BE0787700B4B883 /* PBXContainerItemProxy */;
		};
/* End PBXTargetDependency section */

/* Begin XCBuildConfiguration section */
		DA3C23F52BE0765100B4B883 /* Debug */ = {
			isa = XCBuildConfiguration;
			buildSettings = {
				ALWAYS_SEARCH_USER_PATHS = NO;
				ASSETCATALOG_COMPILER_GENERATE_SWIFT_ASSET_SYMBOL_EXTENSIONS = YES;
				CLANG_ANALYZER_NONNULL = YES;
				CLANG_ANALYZER_NUMBER_OBJECT_CONVERSION = YES_AGGRESSIVE;
				CLANG_CXX_LANGUAGE_STANDARD = "gnu++20";
				CLANG_ENABLE_MODULES = YES;
				CLANG_ENABLE_OBJC_ARC = YES;
				CLANG_ENABLE_OBJC_WEAK = YES;
				CLANG_WARN_BLOCK_CAPTURE_AUTORELEASING = YES;
				CLANG_WARN_BOOL_CONVERSION = YES;
				CLANG_WARN_COMMA = YES;
				CLANG_WARN_CONSTANT_CONVERSION = YES;
				CLANG_WARN_DEPRECATED_OBJC_IMPLEMENTATIONS = YES;
				CLANG_WARN_DIRECT_OBJC_ISA_USAGE = YES_ERROR;
				CLANG_WARN_DOCUMENTATION_COMMENTS = YES;
				CLANG_WARN_EMPTY_BODY = YES;
				CLANG_WARN_ENUM_CONVERSION = YES;
				CLANG_WARN_INFINITE_RECURSION = YES;
				CLANG_WARN_INT_CONVERSION = YES;
				CLANG_WARN_NON_LITERAL_NULL_CONVERSION = YES;
				CLANG_WARN_OBJC_IMPLICIT_RETAIN_SELF = YES;
				CLANG_WARN_OBJC_LITERAL_CONVERSION = YES;
				CLANG_WARN_OBJC_ROOT_CLASS = YES_ERROR;
				CLANG_WARN_QUOTED_INCLUDE_IN_FRAMEWORK_HEADER = YES;
				CLANG_WARN_RANGE_LOOP_ANALYSIS = YES;
				CLANG_WARN_STRICT_PROTOTYPES = YES;
				CLANG_WARN_SUSPICIOUS_MOVE = YES;
				CLANG_WARN_UNGUARDED_AVAILABILITY = YES_AGGRESSIVE;
				CLANG_WARN_UNREACHABLE_CODE = YES;
				CLANG_WARN__DUPLICATE_METHOD_MATCH = YES;
				COPY_PHASE_STRIP = NO;
				DEBUG_INFORMATION_FORMAT = dwarf;
				ENABLE_STRICT_OBJC_MSGSEND = YES;
				ENABLE_TESTABILITY = YES;
				ENABLE_USER_SCRIPT_SANDBOXING = YES;
				GCC_C_LANGUAGE_STANDARD = gnu17;
				GCC_DYNAMIC_NO_PIC = NO;
				GCC_NO_COMMON_BLOCKS = YES;
				GCC_OPTIMIZATION_LEVEL = 0;
				GCC_PREPROCESSOR_DEFINITIONS = (
					"DEBUG=1",
					"$(inherited)",
				);
				GCC_WARN_64_TO_32_BIT_CONVERSION = YES;
				GCC_WARN_ABOUT_RETURN_TYPE = YES_ERROR;
				GCC_WARN_UNDECLARED_SELECTOR = YES;
				GCC_WARN_UNINITIALIZED_AUTOS = YES_AGGRESSIVE;
				GCC_WARN_UNUSED_FUNCTION = YES;
				GCC_WARN_UNUSED_VARIABLE = YES;
				IPHONEOS_DEPLOYMENT_TARGET = 17.4;
				LOCALIZATION_PREFERS_STRING_CATALOGS = YES;
				MTL_ENABLE_DEBUG_INFO = INCLUDE_SOURCE;
				MTL_FAST_MATH = YES;
				ONLY_ACTIVE_ARCH = YES;
				SDKROOT = iphoneos;
				SWIFT_ACTIVE_COMPILATION_CONDITIONS = "DEBUG $(inherited)";
				SWIFT_OPTIMIZATION_LEVEL = "-Onone";
			};
			name = Debug;
		};
		DA3C23F62BE0765100B4B883 /* Release */ = {
			isa = XCBuildConfiguration;
			buildSettings = {
				ALWAYS_SEARCH_USER_PATHS = NO;
				ASSETCATALOG_COMPILER_GENERATE_SWIFT_ASSET_SYMBOL_EXTENSIONS = YES;
				CLANG_ANALYZER_NONNULL = YES;
				CLANG_ANALYZER_NUMBER_OBJECT_CONVERSION = YES_AGGRESSIVE;
				CLANG_CXX_LANGUAGE_STANDARD = "gnu++20";
				CLANG_ENABLE_MODULES = YES;
				CLANG_ENABLE_OBJC_ARC = YES;
				CLANG_ENABLE_OBJC_WEAK = YES;
				CLANG_WARN_BLOCK_CAPTURE_AUTORELEASING = YES;
				CLANG_WARN_BOOL_CONVERSION = YES;
				CLANG_WARN_COMMA = YES;
				CLANG_WARN_CONSTANT_CONVERSION = YES;
				CLANG_WARN_DEPRECATED_OBJC_IMPLEMENTATIONS = YES;
				CLANG_WARN_DIRECT_OBJC_ISA_USAGE = YES_ERROR;
				CLANG_WARN_DOCUMENTATION_COMMENTS = YES;
				CLANG_WARN_EMPTY_BODY = YES;
				CLANG_WARN_ENUM_CONVERSION = YES;
				CLANG_WARN_INFINITE_RECURSION = YES;
				CLANG_WARN_INT_CONVERSION = YES;
				CLANG_WARN_NON_LITERAL_NULL_CONVERSION = YES;
				CLANG_WARN_OBJC_IMPLICIT_RETAIN_SELF = YES;
				CLANG_WARN_OBJC_LITERAL_CONVERSION = YES;
				CLANG_WARN_OBJC_ROOT_CLASS = YES_ERROR;
				CLANG_WARN_QUOTED_INCLUDE_IN_FRAMEWORK_HEADER = YES;
				CLANG_WARN_RANGE_LOOP_ANALYSIS = YES;
				CLANG_WARN_STRICT_PROTOTYPES = YES;
				CLANG_WARN_SUSPICIOUS_MOVE = YES;
				CLANG_WARN_UNGUARDED_AVAILABILITY = YES_AGGRESSIVE;
				CLANG_WARN_UNREACHABLE_CODE = YES;
				CLANG_WARN__DUPLICATE_METHOD_MATCH = YES;
				COPY_PHASE_STRIP = NO;
				DEBUG_INFORMATION_FORMAT = "dwarf-with-dsym";
				ENABLE_NS_ASSERTIONS = NO;
				ENABLE_STRICT_OBJC_MSGSEND = YES;
				ENABLE_USER_SCRIPT_SANDBOXING = YES;
				GCC_C_LANGUAGE_STANDARD = gnu17;
				GCC_NO_COMMON_BLOCKS = YES;
				GCC_WARN_64_TO_32_BIT_CONVERSION = YES;
				GCC_WARN_ABOUT_RETURN_TYPE = YES_ERROR;
				GCC_WARN_UNDECLARED_SELECTOR = YES;
				GCC_WARN_UNINITIALIZED_AUTOS = YES_AGGRESSIVE;
				GCC_WARN_UNUSED_FUNCTION = YES;
				GCC_WARN_UNUSED_VARIABLE = YES;
				IPHONEOS_DEPLOYMENT_TARGET = 17.4;
				LOCALIZATION_PREFERS_STRING_CATALOGS = YES;
				MTL_ENABLE_DEBUG_INFO = NO;
				MTL_FAST_MATH = YES;
				SDKROOT = iphoneos;
				SWIFT_COMPILATION_MODE = wholemodule;
				VALIDATE_PRODUCT = YES;
			};
			name = Release;
		};
		DA3C23F82BE0765100B4B883 /* Debug */ = {
			isa = XCBuildConfiguration;
			buildSettings = {
				CODE_SIGN_STYLE = Automatic;
				DEVELOPMENT_TEAM = 496RA8CKPQ;
				OTHER_LDFLAGS = "-ObjC";
				PRODUCT_NAME = "$(TARGET_NAME)";
				SKIP_INSTALL = YES;
				SWIFT_VERSION = 5.0;
				TARGETED_DEVICE_FAMILY = "1,2";
			};
			name = Debug;
		};
		DA3C23F92BE0765100B4B883 /* Release */ = {
			isa = XCBuildConfiguration;
			buildSettings = {
				CODE_SIGN_STYLE = Automatic;
				DEVELOPMENT_TEAM = 496RA8CKPQ;
				OTHER_LDFLAGS = "-ObjC";
				PRODUCT_NAME = "$(TARGET_NAME)";
				SKIP_INSTALL = YES;
				SWIFT_VERSION = 5.0;
				TARGETED_DEVICE_FAMILY = "1,2";
			};
			name = Release;
		};
		DA3C24092BE0787700B4B883 /* Debug */ = {
			isa = XCBuildConfiguration;
			buildSettings = {
				CLANG_ENABLE_MODULES = YES;
				CODE_SIGN_STYLE = Automatic;
				CURRENT_PROJECT_VERSION = 1;
				DEVELOPMENT_TEAM = 496RA8CKPQ;
				GENERATE_INFOPLIST_FILE = YES;
				MARKETING_VERSION = 1.0;
				PRODUCT_BUNDLE_IDENTIFIER = org.arkavo.NanoTDFTests;
				PRODUCT_NAME = "$(TARGET_NAME)";
				SWIFT_EMIT_LOC_STRINGS = NO;
				SWIFT_OPTIMIZATION_LEVEL = "-Onone";
				SWIFT_VERSION = 5.0;
				TARGETED_DEVICE_FAMILY = "1,2";
			};
			name = Debug;
		};
		DA3C240A2BE0787700B4B883 /* Release */ = {
			isa = XCBuildConfiguration;
			buildSettings = {
				CLANG_ENABLE_MODULES = YES;
				CODE_SIGN_STYLE = Automatic;
				CURRENT_PROJECT_VERSION = 1;
				DEVELOPMENT_TEAM = 496RA8CKPQ;
				GENERATE_INFOPLIST_FILE = YES;
				MARKETING_VERSION = 1.0;
				PRODUCT_BUNDLE_IDENTIFIER = org.arkavo.NanoTDFTests;
				PRODUCT_NAME = "$(TARGET_NAME)";
				SWIFT_EMIT_LOC_STRINGS = NO;
				SWIFT_VERSION = 5.0;
				TARGETED_DEVICE_FAMILY = "1,2";
			};
			name = Release;
		};
/* End XCBuildConfiguration section */

/* Begin XCConfigurationList section */
		DA3C23EB2BE0765100B4B883 /* Build configuration list for PBXProject "NanoTDF" */ = {
			isa = XCConfigurationList;
			buildConfigurations = (
				DA3C23F52BE0765100B4B883 /* Debug */,
				DA3C23F62BE0765100B4B883 /* Release */,
			);
			defaultConfigurationIsVisible = 0;
			defaultConfigurationName = Release;
		};
		DA3C23F72BE0765100B4B883 /* Build configuration list for PBXNativeTarget "NanoTDF" */ = {
			isa = XCConfigurationList;
			buildConfigurations = (
				DA3C23F82BE0765100B4B883 /* Debug */,
				DA3C23F92BE0765100B4B883 /* Release */,
			);
			defaultConfigurationIsVisible = 0;
			defaultConfigurationName = Release;
		};
		DA3C24082BE0787700B4B883 /* Build configuration list for PBXNativeTarget "Tests" */ = {
			isa = XCConfigurationList;
			buildConfigurations = (
				DA3C24092BE0787700B4B883 /* Debug */,
				DA3C240A2BE0787700B4B883 /* Release */,
			);
			defaultConfigurationIsVisible = 0;
			defaultConfigurationName = Release;
		};
/* End XCConfigurationList section */
	};
	rootObject = DA3C23E82BE0765100B4B883 /* Project object */;
}
